// !$*UTF8*$!
{
	archiveVersion = 1;
	classes = {
	};
	objectVersion = 55;
	objects = {

/* Begin PBXBuildFile section */
		D5BE79F02827B851004DBDC6 /* Task_ManagerApp.swift in Sources */ = {isa = PBXBuildFile; fileRef = D5BE79EF2827B851004DBDC6 /* Task_ManagerApp.swift */; };
		D5BE79F22827B851004DBDC6 /* ContentView.swift in Sources */ = {isa = PBXBuildFile; fileRef = D5BE79F12827B851004DBDC6 /* ContentView.swift */; };
		D5BE79F42827B854004DBDC6 /* Assets.xcassets in Resources */ = {isa = PBXBuildFile; fileRef = D5BE79F32827B854004DBDC6 /* Assets.xcassets */; };
		D5BE79F72827B854004DBDC6 /* Preview Assets.xcassets in Resources */ = {isa = PBXBuildFile; fileRef = D5BE79F62827B854004DBDC6 /* Preview Assets.xcassets */; };
		D5BE79F92827B854004DBDC6 /* Persistence.swift in Sources */ = {isa = PBXBuildFile; fileRef = D5BE79F82827B854004DBDC6 /* Persistence.swift */; };
		D5BE79FC2827B854004DBDC6 /* Task_Manager.xcdatamodeld in Sources */ = {isa = PBXBuildFile; fileRef = D5BE79FA2827B854004DBDC6 /* Task_Manager.xcdatamodeld */; };
		D5BE7A062827B854004DBDC6 /* Task_ManagerTests.swift in Sources */ = {isa = PBXBuildFile; fileRef = D5BE7A052827B854004DBDC6 /* Task_ManagerTests.swift */; };
		D5BE7A102827B854004DBDC6 /* Task_ManagerUITests.swift in Sources */ = {isa = PBXBuildFile; fileRef = D5BE7A0F2827B854004DBDC6 /* Task_ManagerUITests.swift */; };
		D5BE7A122827B854004DBDC6 /* Task_ManagerUITestsLaunchTests.swift in Sources */ = {isa = PBXBuildFile; fileRef = D5BE7A112827B854004DBDC6 /* Task_ManagerUITestsLaunchTests.swift */; };
		D5BE7A212827C212004DBDC6 /* Home.swift in Sources */ = {isa = PBXBuildFile; fileRef = D5BE7A202827C212004DBDC6 /* Home.swift */; };
		D5BE7A232827C620004DBDC6 /* TaskViewModel.swift in Sources */ = {isa = PBXBuildFile; fileRef = D5BE7A222827C620004DBDC6 /* TaskViewModel.swift */; };
		D5BE7A262827C669004DBDC6 /* TaskTab.swift in Sources */ = {isa = PBXBuildFile; fileRef = D5BE7A252827C669004DBDC6 /* TaskTab.swift */; };
/* End PBXBuildFile section */

/* Begin PBXContainerItemProxy section */
		D5BE7A022827B854004DBDC6 /* PBXContainerItemProxy */ = {
			isa = PBXContainerItemProxy;
			containerPortal = D5BE79E42827B851004DBDC6 /* Project object */;
			proxyType = 1;
			remoteGlobalIDString = D5BE79EB2827B851004DBDC6;
			remoteInfo = "Task Manager";
		};
		D5BE7A0C2827B854004DBDC6 /* PBXContainerItemProxy */ = {
			isa = PBXContainerItemProxy;
			containerPortal = D5BE79E42827B851004DBDC6 /* Project object */;
			proxyType = 1;
			remoteGlobalIDString = D5BE79EB2827B851004DBDC6;
			remoteInfo = "Task Manager";
		};
/* End PBXContainerItemProxy section */

/* Begin PBXFileReference section */
		D5BE79EC2827B851004DBDC6 /* Task Manager.app */ = {isa = PBXFileReference; explicitFileType = wrapper.application; includeInIndex = 0; path = "Task Manager.app"; sourceTree = BUILT_PRODUCTS_DIR; };
		D5BE79EF2827B851004DBDC6 /* Task_ManagerApp.swift */ = {isa = PBXFileReference; lastKnownFileType = sourcecode.swift; path = Task_ManagerApp.swift; sourceTree = "<group>"; };
		D5BE79F12827B851004DBDC6 /* ContentView.swift */ = {isa = PBXFileReference; lastKnownFileType = sourcecode.swift; path = ContentView.swift; sourceTree = "<group>"; };
		D5BE79F32827B854004DBDC6 /* Assets.xcassets */ = {isa = PBXFileReference; lastKnownFileType = folder.assetcatalog; path = Assets.xcassets; sourceTree = "<group>"; };
		D5BE79F62827B854004DBDC6 /* Preview Assets.xcassets */ = {isa = PBXFileReference; lastKnownFileType = folder.assetcatalog; path = "Preview Assets.xcassets"; sourceTree = "<group>"; };
		D5BE79F82827B854004DBDC6 /* Persistence.swift */ = {isa = PBXFileReference; lastKnownFileType = sourcecode.swift; path = Persistence.swift; sourceTree = "<group>"; };
		D5BE79FB2827B854004DBDC6 /* Task_Manager.xcdatamodel */ = {isa = PBXFileReference; lastKnownFileType = wrapper.xcdatamodel; path = Task_Manager.xcdatamodel; sourceTree = "<group>"; };
		D5BE7A012827B854004DBDC6 /* Task ManagerTests.xctest */ = {isa = PBXFileReference; explicitFileType = wrapper.cfbundle; includeInIndex = 0; path = "Task ManagerTests.xctest"; sourceTree = BUILT_PRODUCTS_DIR; };
		D5BE7A052827B854004DBDC6 /* Task_ManagerTests.swift */ = {isa = PBXFileReference; lastKnownFileType = sourcecode.swift; path = Task_ManagerTests.swift; sourceTree = "<group>"; };
		D5BE7A0B2827B854004DBDC6 /* Task ManagerUITests.xctest */ = {isa = PBXFileReference; explicitFileType = wrapper.cfbundle; includeInIndex = 0; path = "Task ManagerUITests.xctest"; sourceTree = BUILT_PRODUCTS_DIR; };
		D5BE7A0F2827B854004DBDC6 /* Task_ManagerUITests.swift */ = {isa = PBXFileReference; lastKnownFileType = sourcecode.swift; path = Task_ManagerUITests.swift; sourceTree = "<group>"; };
		D5BE7A112827B854004DBDC6 /* Task_ManagerUITestsLaunchTests.swift */ = {isa = PBXFileReference; lastKnownFileType = sourcecode.swift; path = Task_ManagerUITestsLaunchTests.swift; sourceTree = "<group>"; };
		D5BE7A202827C212004DBDC6 /* Home.swift */ = {isa = PBXFileReference; lastKnownFileType = sourcecode.swift; path = Home.swift; sourceTree = "<group>"; };
		D5BE7A222827C620004DBDC6 /* TaskViewModel.swift */ = {isa = PBXFileReference; lastKnownFileType = sourcecode.swift; path = TaskViewModel.swift; sourceTree = "<group>"; };
		D5BE7A252827C669004DBDC6 /* TaskTab.swift */ = {isa = PBXFileReference; lastKnownFileType = sourcecode.swift; path = TaskTab.swift; sourceTree = "<group>"; };
/* End PBXFileReference section */

/* Begin PBXFrameworksBuildPhase section */
		D5BE79E92827B851004DBDC6 /* Frameworks */ = {
			isa = PBXFrameworksBuildPhase;
			buildActionMask = 2147483647;
			files = (
			);
			runOnlyForDeploymentPostprocessing = 0;
		};
		D5BE79FE2827B854004DBDC6 /* Frameworks */ = {
			isa = PBXFrameworksBuildPhase;
			buildActionMask = 2147483647;
			files = (
			);
			runOnlyForDeploymentPostprocessing = 0;
		};
		D5BE7A082827B854004DBDC6 /* Frameworks */ = {
			isa = PBXFrameworksBuildPhase;
			buildActionMask = 2147483647;
			files = (
			);
			runOnlyForDeploymentPostprocessing = 0;
		};
/* End PBXFrameworksBuildPhase section */

/* Begin PBXGroup section */
		D5BE79E32827B851004DBDC6 = {
			isa = PBXGroup;
			children = (
				D5BE79EE2827B851004DBDC6 /* Task Manager */,
				D5BE7A042827B854004DBDC6 /* Task ManagerTests */,
				D5BE7A0E2827B854004DBDC6 /* Task ManagerUITests */,
				D5BE79ED2827B851004DBDC6 /* Products */,
			);
			sourceTree = "<group>";
		};
		D5BE79ED2827B851004DBDC6 /* Products */ = {
			isa = PBXGroup;
			children = (
				D5BE79EC2827B851004DBDC6 /* Task Manager.app */,
				D5BE7A012827B854004DBDC6 /* Task ManagerTests.xctest */,
				D5BE7A0B2827B854004DBDC6 /* Task ManagerUITests.xctest */,
			);
			name = Products;
			sourceTree = "<group>";
		};
		D5BE79EE2827B851004DBDC6 /* Task Manager */ = {
			isa = PBXGroup;
			children = (
				D5BE7A242827C65E004DBDC6 /* Model */,
				D5BE7A1F2827C1E4004DBDC6 /* ViewModel */,
				D5BE7A1E2827C1DF004DBDC6 /* View */,
				D5BE79EF2827B851004DBDC6 /* Task_ManagerApp.swift */,
				D5BE79F12827B851004DBDC6 /* ContentView.swift */,
				D5BE79F32827B854004DBDC6 /* Assets.xcassets */,
				D5BE79F82827B854004DBDC6 /* Persistence.swift */,
				D5BE79FA2827B854004DBDC6 /* Task_Manager.xcdatamodeld */,
				D5BE79F52827B854004DBDC6 /* Preview Content */,
			);
			path = "Task Manager";
			sourceTree = "<group>";
		};
		D5BE79F52827B854004DBDC6 /* Preview Content */ = {
			isa = PBXGroup;
			children = (
				D5BE79F62827B854004DBDC6 /* Preview Assets.xcassets */,
			);
			path = "Preview Content";
			sourceTree = "<group>";
		};
		D5BE7A042827B854004DBDC6 /* Task ManagerTests */ = {
			isa = PBXGroup;
			children = (
				D5BE7A052827B854004DBDC6 /* Task_ManagerTests.swift */,
			);
			path = "Task ManagerTests";
			sourceTree = "<group>";
		};
		D5BE7A0E2827B854004DBDC6 /* Task ManagerUITests */ = {
			isa = PBXGroup;
			children = (
				D5BE7A0F2827B854004DBDC6 /* Task_ManagerUITests.swift */,
				D5BE7A112827B854004DBDC6 /* Task_ManagerUITestsLaunchTests.swift */,
			);
			path = "Task ManagerUITests";
			sourceTree = "<group>";
		};
		D5BE7A1E2827C1DF004DBDC6 /* View */ = {
			isa = PBXGroup;
			children = (
				D5BE7A202827C212004DBDC6 /* Home.swift */,
			);
			path = View;
			sourceTree = "<group>";
		};
		D5BE7A1F2827C1E4004DBDC6 /* ViewModel */ = {
			isa = PBXGroup;
			children = (
				D5BE7A222827C620004DBDC6 /* TaskViewModel.swift */,
			);
			path = ViewModel;
			sourceTree = "<group>";
		};
		D5BE7A242827C65E004DBDC6 /* Model */ = {
			isa = PBXGroup;
			children = (
				D5BE7A252827C669004DBDC6 /* TaskTab.swift */,
			);
			path = Model;
			sourceTree = "<group>";
		};
/* End PBXGroup section */

/* Begin PBXNativeTarget section */
		D5BE79EB2827B851004DBDC6 /* Task Manager */ = {
			isa = PBXNativeTarget;
			buildConfigurationList = D5BE7A152827B854004DBDC6 /* Build configuration list for PBXNativeTarget "Task Manager" */;
			buildPhases = (
				D5BE79E82827B851004DBDC6 /* Sources */,
				D5BE79E92827B851004DBDC6 /* Frameworks */,
				D5BE79EA2827B851004DBDC6 /* Resources */,
			);
			buildRules = (
			);
			dependencies = (
			);
			name = "Task Manager";
			productName = "Task Manager";
			productReference = D5BE79EC2827B851004DBDC6 /* Task Manager.app */;
			productType = "com.apple.product-type.application";
		};
		D5BE7A002827B854004DBDC6 /* Task ManagerTests */ = {
			isa = PBXNativeTarget;
			buildConfigurationList = D5BE7A182827B854004DBDC6 /* Build configuration list for PBXNativeTarget "Task ManagerTests" */;
			buildPhases = (
				D5BE79FD2827B854004DBDC6 /* Sources */,
				D5BE79FE2827B854004DBDC6 /* Frameworks */,
				D5BE79FF2827B854004DBDC6 /* Resources */,
			);
			buildRules = (
			);
			dependencies = (
				D5BE7A032827B854004DBDC6 /* PBXTargetDependency */,
			);
			name = "Task ManagerTests";
			productName = "Task ManagerTests";
			productReference = D5BE7A012827B854004DBDC6 /* Task ManagerTests.xctest */;
			productType = "com.apple.product-type.bundle.unit-test";
		};
		D5BE7A0A2827B854004DBDC6 /* Task ManagerUITests */ = {
			isa = PBXNativeTarget;
			buildConfigurationList = D5BE7A1B2827B854004DBDC6 /* Build configuration list for PBXNativeTarget "Task ManagerUITests" */;
			buildPhases = (
				D5BE7A072827B854004DBDC6 /* Sources */,
				D5BE7A082827B854004DBDC6 /* Frameworks */,
				D5BE7A092827B854004DBDC6 /* Resources */,
			);
			buildRules = (
			);
			dependencies = (
				D5BE7A0D2827B854004DBDC6 /* PBXTargetDependency */,
			);
			name = "Task ManagerUITests";
			productName = "Task ManagerUITests";
			productReference = D5BE7A0B2827B854004DBDC6 /* Task ManagerUITests.xctest */;
			productType = "com.apple.product-type.bundle.ui-testing";
		};
/* End PBXNativeTarget section */

/* Begin PBXProject section */
		D5BE79E42827B851004DBDC6 /* Project object */ = {
			isa = PBXProject;
			attributes = {
				BuildIndependentTargetsInParallel = 1;
				LastSwiftUpdateCheck = 1330;
				LastUpgradeCheck = 1330;
				TargetAttributes = {
					D5BE79EB2827B851004DBDC6 = {
						CreatedOnToolsVersion = 13.3;
					};
					D5BE7A002827B854004DBDC6 = {
						CreatedOnToolsVersion = 13.3;
						TestTargetID = D5BE79EB2827B851004DBDC6;
					};
					D5BE7A0A2827B854004DBDC6 = {
						CreatedOnToolsVersion = 13.3;
						TestTargetID = D5BE79EB2827B851004DBDC6;
					};
				};
			};
			buildConfigurationList = D5BE79E72827B851004DBDC6 /* Build configuration list for PBXProject "Task Manager" */;
			compatibilityVersion = "Xcode 13.0";
			developmentRegion = en;
			hasScannedForEncodings = 0;
			knownRegions = (
				en,
				Base,
			);
			mainGroup = D5BE79E32827B851004DBDC6;
			productRefGroup = D5BE79ED2827B851004DBDC6 /* Products */;
			projectDirPath = "";
			projectRoot = "";
			targets = (
				D5BE79EB2827B851004DBDC6 /* Task Manager */,
				D5BE7A002827B854004DBDC6 /* Task ManagerTests */,
				D5BE7A0A2827B854004DBDC6 /* Task ManagerUITests */,
			);
		};
/* End PBXProject section */

/* Begin PBXResourcesBuildPhase section */
		D5BE79EA2827B851004DBDC6 /* Resources */ = {
			isa = PBXResourcesBuildPhase;
			buildActionMask = 2147483647;
			files = (
				D5BE79F72827B854004DBDC6 /* Preview Assets.xcassets in Resources */,
				D5BE79F42827B854004DBDC6 /* Assets.xcassets in Resources */,
			);
			runOnlyForDeploymentPostprocessing = 0;
		};
		D5BE79FF2827B854004DBDC6 /* Resources */ = {
			isa = PBXResourcesBuildPhase;
			buildActionMask = 2147483647;
			files = (
			);
			runOnlyForDeploymentPostprocessing = 0;
		};
		D5BE7A092827B854004DBDC6 /* Resources */ = {
			isa = PBXResourcesBuildPhase;
			buildActionMask = 2147483647;
			files = (
			);
			runOnlyForDeploymentPostprocessing = 0;
		};
/* End PBXResourcesBuildPhase section */

/* Begin PBXSourcesBuildPhase section */
		D5BE79E82827B851004DBDC6 /* Sources */ = {
			isa = PBXSourcesBuildPhase;
			buildActionMask = 2147483647;
			files = (
				D5BE79F92827B854004DBDC6 /* Persistence.swift in Sources */,
				D5BE7A232827C620004DBDC6 /* TaskViewModel.swift in Sources */,
				D5BE79F22827B851004DBDC6 /* ContentView.swift in Sources */,
				D5BE7A212827C212004DBDC6 /* Home.swift in Sources */,
				D5BE79FC2827B854004DBDC6 /* Task_Manager.xcdatamodeld in Sources */,
				D5BE7A262827C669004DBDC6 /* TaskTab.swift in Sources */,
				D5BE79F02827B851004DBDC6 /* Task_ManagerApp.swift in Sources */,
			);
			runOnlyForDeploymentPostprocessing = 0;
		};
		D5BE79FD2827B854004DBDC6 /* Sources */ = {
			isa = PBXSourcesBuildPhase;
			buildActionMask = 2147483647;
			files = (
				D5BE7A062827B854004DBDC6 /* Task_ManagerTests.swift in Sources */,
			);
			runOnlyForDeploymentPostprocessing = 0;
		};
		D5BE7A072827B854004DBDC6 /* Sources */ = {
			isa = PBXSourcesBuildPhase;
			buildActionMask = 2147483647;
			files = (
				D5BE7A102827B854004DBDC6 /* Task_ManagerUITests.swift in Sources */,
				D5BE7A122827B854004DBDC6 /* Task_ManagerUITestsLaunchTests.swift in Sources */,
			);
			runOnlyForDeploymentPostprocessing = 0;
		};
/* End PBXSourcesBuildPhase section */

/* Begin PBXTargetDependency section */
		D5BE7A032827B854004DBDC6 /* PBXTargetDependency */ = {
			isa = PBXTargetDependency;
			target = D5BE79EB2827B851004DBDC6 /* Task Manager */;
			targetProxy = D5BE7A022827B854004DBDC6 /* PBXContainerItemProxy */;
		};
		D5BE7A0D2827B854004DBDC6 /* PBXTargetDependency */ = {
			isa = PBXTargetDependency;
			target = D5BE79EB2827B851004DBDC6 /* Task Manager */;
			targetProxy = D5BE7A0C2827B854004DBDC6 /* PBXContainerItemProxy */;
		};
/* End PBXTargetDependency section */

/* Begin XCBuildConfiguration section */
		D5BE7A132827B854004DBDC6 /* Debug */ = {
			isa = XCBuildConfiguration;
			buildSettings = {
				ALWAYS_SEARCH_USER_PATHS = NO;
				CLANG_ANALYZER_NONNULL = YES;
				CLANG_ANALYZER_NUMBER_OBJECT_CONVERSION = YES_AGGRESSIVE;
				CLANG_CXX_LANGUAGE_STANDARD = "gnu++17";
				CLANG_ENABLE_MODULES = YES;
				CLANG_ENABLE_OBJC_ARC = YES;
				CLANG_ENABLE_OBJC_WEAK = YES;
				CLANG_WARN_BLOCK_CAPTURE_AUTORELEASING = YES;
				CLANG_WARN_BOOL_CONVERSION = YES;
				CLANG_WARN_COMMA = YES;
				CLANG_WARN_CONSTANT_CONVERSION = YES;
				CLANG_WARN_DEPRECATED_OBJC_IMPLEMENTATIONS = YES;
				CLANG_WARN_DIRECT_OBJC_ISA_USAGE = YES_ERROR;
				CLANG_WARN_DOCUMENTATION_COMMENTS = YES;
				CLANG_WARN_EMPTY_BODY = YES;
				CLANG_WARN_ENUM_CONVERSION = YES;
				CLANG_WARN_INFINITE_RECURSION = YES;
				CLANG_WARN_INT_CONVERSION = YES;
				CLANG_WARN_NON_LITERAL_NULL_CONVERSION = YES;
				CLANG_WARN_OBJC_IMPLICIT_RETAIN_SELF = YES;
				CLANG_WARN_OBJC_LITERAL_CONVERSION = YES;
				CLANG_WARN_OBJC_ROOT_CLASS = YES_ERROR;
				CLANG_WARN_QUOTED_INCLUDE_IN_FRAMEWORK_HEADER = YES;
				CLANG_WARN_RANGE_LOOP_ANALYSIS = YES;
				CLANG_WARN_STRICT_PROTOTYPES = YES;
				CLANG_WARN_SUSPICIOUS_MOVE = YES;
				CLANG_WARN_UNGUARDED_AVAILABILITY = YES_AGGRESSIVE;
				CLANG_WARN_UNREACHABLE_CODE = YES;
				CLANG_WARN__DUPLICATE_METHOD_MATCH = YES;
				COPY_PHASE_STRIP = NO;
				DEBUG_INFORMATION_FORMAT = dwarf;
				ENABLE_STRICT_OBJC_MSGSEND = YES;
				ENABLE_TESTABILITY = YES;
				GCC_C_LANGUAGE_STANDARD = gnu11;
				GCC_DYNAMIC_NO_PIC = NO;
				GCC_NO_COMMON_BLOCKS = YES;
				GCC_OPTIMIZATION_LEVEL = 0;
				GCC_PREPROCESSOR_DEFINITIONS = (
					"DEBUG=1",
					"$(inherited)",
				);
				GCC_WARN_64_TO_32_BIT_CONVERSION = YES;
				GCC_WARN_ABOUT_RETURN_TYPE = YES_ERROR;
				GCC_WARN_UNDECLARED_SELECTOR = YES;
				GCC_WARN_UNINITIALIZED_AUTOS = YES_AGGRESSIVE;
				GCC_WARN_UNUSED_FUNCTION = YES;
				GCC_WARN_UNUSED_VARIABLE = YES;
				IPHONEOS_DEPLOYMENT_TARGET = 15.4;
				MTL_ENABLE_DEBUG_INFO = INCLUDE_SOURCE;
				MTL_FAST_MATH = YES;
				ONLY_ACTIVE_ARCH = YES;
				SDKROOT = iphoneos;
				SWIFT_ACTIVE_COMPILATION_CONDITIONS = DEBUG;
				SWIFT_OPTIMIZATION_LEVEL = "-Onone";
			};
			name = Debug;
		};
		D5BE7A142827B854004DBDC6 /* Release */ = {
			isa = XCBuildConfiguration;
			buildSettings = {
				ALWAYS_SEARCH_USER_PATHS = NO;
				CLANG_ANALYZER_NONNULL = YES;
				CLANG_ANALYZER_NUMBER_OBJECT_CONVERSION = YES_AGGRESSIVE;
				CLANG_CXX_LANGUAGE_STANDARD = "gnu++17";
				CLANG_ENABLE_MODULES = YES;
				CLANG_ENABLE_OBJC_ARC = YES;
				CLANG_ENABLE_OBJC_WEAK = YES;
				CLANG_WARN_BLOCK_CAPTURE_AUTORELEASING = YES;
				CLANG_WARN_BOOL_CONVERSION = YES;
				CLANG_WARN_COMMA = YES;
				CLANG_WARN_CONSTANT_CONVERSION = YES;
				CLANG_WARN_DEPRECATED_OBJC_IMPLEMENTATIONS = YES;
				CLANG_WARN_DIRECT_OBJC_ISA_USAGE = YES_ERROR;
				CLANG_WARN_DOCUMENTATION_COMMENTS = YES;
				CLANG_WARN_EMPTY_BODY = YES;
				CLANG_WARN_ENUM_CONVERSION = YES;
				CLANG_WARN_INFINITE_RECURSION = YES;
				CLANG_WARN_INT_CONVERSION = YES;
				CLANG_WARN_NON_LITERAL_NULL_CONVERSION = YES;
				CLANG_WARN_OBJC_IMPLICIT_RETAIN_SELF = YES;
				CLANG_WARN_OBJC_LITERAL_CONVERSION = YES;
				CLANG_WARN_OBJC_ROOT_CLASS = YES_ERROR;
				CLANG_WARN_QUOTED_INCLUDE_IN_FRAMEWORK_HEADER = YES;
				CLANG_WARN_RANGE_LOOP_ANALYSIS = YES;
				CLANG_WARN_STRICT_PROTOTYPES = YES;
				CLANG_WARN_SUSPICIOUS_MOVE = YES;
				CLANG_WARN_UNGUARDED_AVAILABILITY = YES_AGGRESSIVE;
				CLANG_WARN_UNREACHABLE_CODE = YES;
				CLANG_WARN__DUPLICATE_METHOD_MATCH = YES;
				COPY_PHASE_STRIP = NO;
				DEBUG_INFORMATION_FORMAT = "dwarf-with-dsym";
				ENABLE_NS_ASSERTIONS = NO;
				ENABLE_STRICT_OBJC_MSGSEND = YES;
				GCC_C_LANGUAGE_STANDARD = gnu11;
				GCC_NO_COMMON_BLOCKS = YES;
				GCC_WARN_64_TO_32_BIT_CONVERSION = YES;
				GCC_WARN_ABOUT_RETURN_TYPE = YES_ERROR;
				GCC_WARN_UNDECLARED_SELECTOR = YES;
				GCC_WARN_UNINITIALIZED_AUTOS = YES_AGGRESSIVE;
				GCC_WARN_UNUSED_FUNCTION = YES;
				GCC_WARN_UNUSED_VARIABLE = YES;
				IPHONEOS_DEPLOYMENT_TARGET = 15.4;
				MTL_ENABLE_DEBUG_INFO = NO;
				MTL_FAST_MATH = YES;
				SDKROOT = iphoneos;
				SWIFT_COMPILATION_MODE = wholemodule;
				SWIFT_OPTIMIZATION_LEVEL = "-O";
				VALIDATE_PRODUCT = YES;
			};
			name = Release;
		};
		D5BE7A162827B854004DBDC6 /* Debug */ = {
			isa = XCBuildConfiguration;
			buildSettings = {
				ASSETCATALOG_COMPILER_APPICON_NAME = AppIcon;
				ASSETCATALOG_COMPILER_GLOBAL_ACCENT_COLOR_NAME = AccentColor;
				CODE_SIGN_STYLE = Automatic;
				CURRENT_PROJECT_VERSION = 1;
				DEVELOPMENT_ASSET_PATHS = "\"Task Manager/Preview Content\"";
				DEVELOPMENT_TEAM = PBH2J4S735;
				ENABLE_PREVIEWS = YES;
				GENERATE_INFOPLIST_FILE = YES;
				INFOPLIST_KEY_UIApplicationSceneManifest_Generation = YES;
				INFOPLIST_KEY_UIApplicationSupportsIndirectInputEvents = YES;
				INFOPLIST_KEY_UILaunchScreen_Generation = YES;
				INFOPLIST_KEY_UISupportedInterfaceOrientations_iPad = "UIInterfaceOrientationPortrait UIInterfaceOrientationPortraitUpsideDown UIInterfaceOrientationLandscapeLeft UIInterfaceOrientationLandscapeRight";
				INFOPLIST_KEY_UISupportedInterfaceOrientations_iPhone = "UIInterfaceOrientationPortrait UIInterfaceOrientationLandscapeLeft UIInterfaceOrientationLandscapeRight";
				LD_RUNPATH_SEARCH_PATHS = (
					"$(inherited)",
					"@executable_path/Frameworks",
				);
				MARKETING_VERSION = 1.0;
				PRODUCT_BUNDLE_IDENTIFIER = "com.ebasic.Task-Manager";
				PRODUCT_NAME = "$(TARGET_NAME)";
				SWIFT_EMIT_LOC_STRINGS = YES;
				SWIFT_VERSION = 5.0;
				TARGETED_DEVICE_FAMILY = "1,2";
			};
			name = Debug;
		};
		D5BE7A172827B854004DBDC6 /* Release */ = {
			isa = XCBuildConfiguration;
			buildSettings = {
				ASSETCATALOG_COMPILER_APPICON_NAME = AppIcon;
				ASSETCATALOG_COMPILER_GLOBAL_ACCENT_COLOR_NAME = AccentColor;
				CODE_SIGN_STYLE = Automatic;
				CURRENT_PROJECT_VERSION = 1;
				DEVELOPMENT_ASSET_PATHS = "\"Task Manager/Preview Content\"";
				DEVELOPMENT_TEAM = PBH2J4S735;
				ENABLE_PREVIEWS = YES;
				GENERATE_INFOPLIST_FILE = YES;
				INFOPLIST_KEY_UIApplicationSceneManifest_Generation = YES;
				INFOPLIST_KEY_UIApplicationSupportsIndirectInputEvents = YES;
				INFOPLIST_KEY_UILaunchScreen_Generation = YES;
				INFOPLIST_KEY_UISupportedInterfaceOrientations_iPad = "UIInterfaceOrientationPortrait UIInterfaceOrientationPortraitUpsideDown UIInterfaceOrientationLandscapeLeft UIInterfaceOrientationLandscapeRight";
				INFOPLIST_KEY_UISupportedInterfaceOrientations_iPhone = "UIInterfaceOrientationPortrait UIInterfaceOrientationLandscapeLeft UIInterfaceOrientationLandscapeRight";
				LD_RUNPATH_SEARCH_PATHS = (
					"$(inherited)",
					"@executable_path/Frameworks",
				);
				MARKETING_VERSION = 1.0;
				PRODUCT_BUNDLE_IDENTIFIER = "com.ebasic.Task-Manager";
				PRODUCT_NAME = "$(TARGET_NAME)";
				SWIFT_EMIT_LOC_STRINGS = YES;
				SWIFT_VERSION = 5.0;
				TARGETED_DEVICE_FAMILY = "1,2";
			};
			name = Release;
		};
		D5BE7A192827B854004DBDC6 /* Debug */ = {
			isa = XCBuildConfiguration;
			buildSettings = {
				ALWAYS_EMBED_SWIFT_STANDARD_LIBRARIES = YES;
				BUNDLE_LOADER = "$(TEST_HOST)";
				CODE_SIGN_STYLE = Automatic;
				CURRENT_PROJECT_VERSION = 1;
				DEVELOPMENT_TEAM = PBH2J4S735;
				GENERATE_INFOPLIST_FILE = YES;
				IPHONEOS_DEPLOYMENT_TARGET = 15.4;
				MARKETING_VERSION = 1.0;
				PRODUCT_BUNDLE_IDENTIFIER = "com.ebasic.Task-ManagerTests";
				PRODUCT_NAME = "$(TARGET_NAME)";
				SWIFT_EMIT_LOC_STRINGS = NO;
				SWIFT_VERSION = 5.0;
				TARGETED_DEVICE_FAMILY = "1,2";
				TEST_HOST = "$(BUILT_PRODUCTS_DIR)/Task Manager.app/Task Manager";
			};
			name = Debug;
		};
		D5BE7A1A2827B854004DBDC6 /* Release */ = {
			isa = XCBuildConfiguration;
			buildSettings = {
				ALWAYS_EMBED_SWIFT_STANDARD_LIBRARIES = YES;
				BUNDLE_LOADER = "$(TEST_HOST)";
				CODE_SIGN_STYLE = Automatic;
				CURRENT_PROJECT_VERSION = 1;
				DEVELOPMENT_TEAM = PBH2J4S735;
				GENERATE_INFOPLIST_FILE = YES;
				IPHONEOS_DEPLOYMENT_TARGET = 15.4;
				MARKETING_VERSION = 1.0;
				PRODUCT_BUNDLE_IDENTIFIER = "com.ebasic.Task-ManagerTests";
				PRODUCT_NAME = "$(TARGET_NAME)";
				SWIFT_EMIT_LOC_STRINGS = NO;
				SWIFT_VERSION = 5.0;
				TARGETED_DEVICE_FAMILY = "1,2";
				TEST_HOST = "$(BUILT_PRODUCTS_DIR)/Task Manager.app/Task Manager";
			};
			name = Release;
		};
		D5BE7A1C2827B854004DBDC6 /* Debug */ = {
			isa = XCBuildConfiguration;
			buildSettings = {
				ALWAYS_EMBED_SWIFT_STANDARD_LIBRARIES = YES;
				CODE_SIGN_STYLE = Automatic;
				CURRENT_PROJECT_VERSION = 1;
				DEVELOPMENT_TEAM = PBH2J4S735;
				GENERATE_INFOPLIST_FILE = YES;
				MARKETING_VERSION = 1.0;
				PRODUCT_BUNDLE_IDENTIFIER = "com.ebasic.Task-ManagerUITests";
				PRODUCT_NAME = "$(TARGET_NAME)";
				SWIFT_EMIT_LOC_STRINGS = NO;
				SWIFT_VERSION = 5.0;
				TARGETED_DEVICE_FAMILY = "1,2";
				TEST_TARGET_NAME = "Task Manager";
			};
			name = Debug;
		};
		D5BE7A1D2827B854004DBDC6 /* Release */ = {
			isa = XCBuildConfiguration;
			buildSettings = {
				ALWAYS_EMBED_SWIFT_STANDARD_LIBRARIES = YES;
				CODE_SIGN_STYLE = Automatic;
				CURRENT_PROJECT_VERSION = 1;
				DEVELOPMENT_TEAM = PBH2J4S735;
				GENERATE_INFOPLIST_FILE = YES;
				MARKETING_VERSION = 1.0;
				PRODUCT_BUNDLE_IDENTIFIER = "com.ebasic.Task-ManagerUITests";
				PRODUCT_NAME = "$(TARGET_NAME)";
				SWIFT_EMIT_LOC_STRINGS = NO;
				SWIFT_VERSION = 5.0;
				TARGETED_DEVICE_FAMILY = "1,2";
				TEST_TARGET_NAME = "Task Manager";
			};
			name = Release;
		};
/* End XCBuildConfiguration section */

/* Begin XCConfigurationList section */
		D5BE79E72827B851004DBDC6 /* Build configuration list for PBXProject "Task Manager" */ = {
			isa = XCConfigurationList;
			buildConfigurations = (
				D5BE7A132827B854004DBDC6 /* Debug */,
				D5BE7A142827B854004DBDC6 /* Release */,
			);
			defaultConfigurationIsVisible = 0;
			defaultConfigurationName = Release;
		};
		D5BE7A152827B854004DBDC6 /* Build configuration list for PBXNativeTarget "Task Manager" */ = {
			isa = XCConfigurationList;
			buildConfigurations = (
				D5BE7A162827B854004DBDC6 /* Debug */,
				D5BE7A172827B854004DBDC6 /* Release */,
			);
			defaultConfigurationIsVisible = 0;
			defaultConfigurationName = Release;
		};
		D5BE7A182827B854004DBDC6 /* Build configuration list for PBXNativeTarget "Task ManagerTests" */ = {
			isa = XCConfigurationList;
			buildConfigurations = (
				D5BE7A192827B854004DBDC6 /* Debug */,
				D5BE7A1A2827B854004DBDC6 /* Release */,
			);
			defaultConfigurationIsVisible = 0;
			defaultConfigurationName = Release;
		};
		D5BE7A1B2827B854004DBDC6 /* Build configuration list for PBXNativeTarget "Task ManagerUITests" */ = {
			isa = XCConfigurationList;
			buildConfigurations = (
				D5BE7A1C2827B854004DBDC6 /* Debug */,
				D5BE7A1D2827B854004DBDC6 /* Release */,
			);
			defaultConfigurationIsVisible = 0;
			defaultConfigurationName = Release;
		};
/* End XCConfigurationList section */

/* Begin XCVersionGroup section */
		D5BE79FA2827B854004DBDC6 /* Task_Manager.xcdatamodeld */ = {
			isa = XCVersionGroup;
			children = (
				D5BE79FB2827B854004DBDC6 /* Task_Manager.xcdatamodel */,
			);
			currentVersion = D5BE79FB2827B854004DBDC6 /* Task_Manager.xcdatamodel */;
			path = Task_Manager.xcdatamodeld;
			sourceTree = "<group>";
			versionGroupType = wrapper.xcdatamodel;
		};
/* End XCVersionGroup section */
	};
	rootObject = D5BE79E42827B851004DBDC6 /* Project object */;
}
